
Microsoft Visual Studio Solution File, Format Version 12.00
# Visual Studio Version 17
VisualStudioVersion = 17.5.002.0
MinimumVisualStudioVersion = 10.0.40219.1
Project("{9A19103F-16F7-4668-BE54-9A1E7A4F7556}") = "generic", "generic.csproj", "{A6141C22-A03D-46A9-9ACA-73F23480E425}"
EndProject
Global
	GlobalSection(SolutionConfigurationPlatforms) = preSolution
		Debug|Any CPU = Debug|Any CPU
		Release|Any CPU = Release|Any CPU
	EndGlobalSection
	GlobalSection(ProjectConfigurationPlatforms) = postSolution
		{A6141C22-A03D-46A9-9ACA-73F23480E425}.Debug|Any CPU.ActiveCfg = Debug|Any CPU
		{A6141C22-A03D-46A9-9ACA-73F23480E425}.Debug|Any CPU.Build.0 = Debug|Any CPU
		{A6141C22-A03D-46A9-9ACA-73F23480E425}.Release|Any CPU.ActiveCfg = Release|Any CPU
		{A6141C22-A03D-46A9-9ACA-73F23480E425}.Release|Any CPU.Build.0 = Release|Any CPU
	EndGlobalSection
	GlobalSection(SolutionProperties) = preSolution
		HideSolutionNode = FALSE
	EndGlobalSection
	GlobalSection(ExtensibilityGlobals) = postSolution
		SolutionGuid = {C5DD24CE-A0CF-4D1F-82CD-372ECB747A20}
	EndGlobalSection
EndGlobal
