
Microsoft Visual Studio Solution File, Format Version 12.00
# Visual Studio Version 17
VisualStudioVersion = 17.5.002.0
MinimumVisualStudioVersion = 10.0.40219.1
Project("{9A19103F-16F7-4668-BE54-9A1E7A4F7556}") = "yapici_method", "yapici_method.csproj", "{F9EB885C-EF45-4474-8DEA-C7BE7AC594DB}"
EndProject
Global
	GlobalSection(SolutionConfigurationPlatforms) = preSolution
		Debug|Any CPU = Debug|Any CPU
		Release|Any CPU = Release|Any CPU
	EndGlobalSection
	GlobalSection(ProjectConfigurationPlatforms) = postSolution
		{F9EB885C-EF45-4474-8DEA-C7BE7AC594DB}.Debug|Any CPU.ActiveCfg = Debug|Any CPU
		{F9EB885C-EF45-4474-8DEA-C7BE7AC594DB}.Debug|Any CPU.Build.0 = Debug|Any CPU
		{F9EB885C-EF45-4474-8DEA-C7BE7AC594DB}.Release|Any CPU.ActiveCfg = Release|Any CPU
		{F9EB885C-EF45-4474-8DEA-C7BE7AC594DB}.Release|Any CPU.Build.0 = Release|Any CPU
	EndGlobalSection
	GlobalSection(SolutionProperties) = preSolution
		HideSolutionNode = FALSE
	EndGlobalSection
	GlobalSection(ExtensibilityGlobals) = postSolution
		SolutionGuid = {52F390D2-6B08-4DBD-A5E0-E2966455CBCF}
	EndGlobalSection
EndGlobal
